
Microsoft Visual Studio Solution File, Format Version 12.00
# Visual Studio 14
VisualStudioVersion = 14.0.25123.0
MinimumVisualStudioVersion = 10.0.40219.1
Project("{CC5FD16D-436D-48AD-A40C-5A424C6E3E79}") = "TestHangFireOnAzure", "TestHangFireOnAzure\TestHangFireOnAzure.ccproj", "{D9076576-FF51-4541-9925-3DCE931B2B61}"
EndProject
Project("{FAE04EC0-301F-11D3-BF4B-00C04F79EFBC}") = "HangfireServerRole", "HangfireServerRole\HangfireServerRole.csproj", "{1DCDD7F5-5326-4F90-9964-68467CB43D9F}"
EndProject
Project("{FAE04EC0-301F-11D3-BF4B-00C04F79EFBC}") = "HangfireDashboardRole", "HangfireDashboardRole\HangfireDashboardRole.csproj", "{00F46850-2B05-4BD1-99CE-E041C7549428}"
EndProject
Global
	GlobalSection(SolutionConfigurationPlatforms) = preSolution
		Debug|Any CPU = Debug|Any CPU
		Release|Any CPU = Release|Any CPU
	EndGlobalSection
	GlobalSection(ProjectConfigurationPlatforms) = postSolution
		{D9076576-FF51-4541-9925-3DCE931B2B61}.Debug|Any CPU.ActiveCfg = Debug|Any CPU
		{D9076576-FF51-4541-9925-3DCE931B2B61}.Debug|Any CPU.Build.0 = Debug|Any CPU
		{D9076576-FF51-4541-9925-3DCE931B2B61}.Release|Any CPU.ActiveCfg = Release|Any CPU
		{D9076576-FF51-4541-9925-3DCE931B2B61}.Release|Any CPU.Build.0 = Release|Any CPU
		{1DCDD7F5-5326-4F90-9964-68467CB43D9F}.Debug|Any CPU.ActiveCfg = Debug|Any CPU
		{1DCDD7F5-5326-4F90-9964-68467CB43D9F}.Debug|Any CPU.Build.0 = Debug|Any CPU
		{1DCDD7F5-5326-4F90-9964-68467CB43D9F}.Release|Any CPU.ActiveCfg = Release|Any CPU
		{1DCDD7F5-5326-4F90-9964-68467CB43D9F}.Release|Any CPU.Build.0 = Release|Any CPU
		{00F46850-2B05-4BD1-99CE-E041C7549428}.Debug|Any CPU.ActiveCfg = Debug|Any CPU
		{00F46850-2B05-4BD1-99CE-E041C7549428}.Debug|Any CPU.Build.0 = Debug|Any CPU
		{00F46850-2B05-4BD1-99CE-E041C7549428}.Release|Any CPU.ActiveCfg = Release|Any CPU
		{00F46850-2B05-4BD1-99CE-E041C7549428}.Release|Any CPU.Build.0 = Release|Any CPU
	EndGlobalSection
	GlobalSection(SolutionProperties) = preSolution
		HideSolutionNode = FALSE
	EndGlobalSection
EndGlobal
